{
  "version": 4,
  "terraform_version": "1.12.2",
  "serial": 58,
  "lineage": "6b63ddad-44a9-dffd-45e4-1b6ea7f1b037",
  "outputs": {
    "api_gateway_url": {
      "value": "arn:aws:execute-api:ap-northeast-1:384504716192:bjcm3wi9s4/prod",
      "type": "string"
    },
    "bedrock_policy_arn": {
      "value": "arn:aws:iam::384504716192:policy/carp-connect-moderation-bedrock-policy",
      "type": "string"
    },
    "dynamodb_table_names": {
      "value": {
        "board_table": "carp-connect-moderation-boards",
        "comment_table": "carp-connect-moderation-comments",
        "moderation_table": "carp-connect-moderation-moderation",
        "post_table": "carp-connect-moderation-posts",
        "user_table": "carp-connect-moderation-users"
      },
      "type": [
        "object",
        {
          "board_table": "string",
          "comment_table": "string",
          "moderation_table": "string",
          "post_table": "string",
          "user_table": "string"
        }
      ]
    },
    "lambda_function_arn": {
      "value": "arn:aws:lambda:ap-northeast-1:384504716192:function:carp-connect-moderation-function",
      "type": "string"
    }
  },
  "resources": [
    {
      "module": "module.api_gateway",
      "mode": "managed",
      "type": "aws_api_gateway_deployment",
      "name": "main",
      "provider": "provider[\"registry.terraform.io/hashicorp/aws\"]",
      "instances": [
        {
          "schema_version": 0,
          "attributes": {
            "canary_settings": [],
            "created_date": "2025-08-20T04:55:44Z",
            "description": "",
            "execution_arn": "arn:aws:execute-api:ap-northeast-1:384504716192:bjcm3wi9s4/",
            "id": "vxv7qf",
            "invoke_url": "https://bjcm3wi9s4.execute-api.ap-northeast-1.amazonaws.com/",
            "rest_api_id": "bjcm3wi9s4",
            "stage_description": null,
            "stage_name": null,
            "triggers": null,
            "variables": null
          },
          "sensitive_attributes": [],
          "identity_schema_version": 0,
          "private": "bnVsbA==",
          "dependencies": [
            "module.api_gateway.aws_api_gateway_integration.lambda",
            "module.api_gateway.aws_api_gateway_integration.lambda_root",
            "module.api_gateway.aws_api_gateway_method.proxy",
            "module.api_gateway.aws_api_gateway_method.proxy_root",
            "module.api_gateway.aws_api_gateway_resource.proxy",
            "module.api_gateway.aws_api_gateway_rest_api.main",
            "module.dynamodb.aws_dynamodb_table.board_table",
            "module.dynamodb.aws_dynamodb_table.comment_table",
            "module.dynamodb.aws_dynamodb_table.moderation_table",
            "module.dynamodb.aws_dynamodb_table.post_table",
            "module.dynamodb.aws_dynamodb_table.user_table",
            "module.iam.aws_iam_role.lambda_role",
            "module.lambda.aws_lambda_function.main",
            "module.lambda.data.archive_file.lambda_zip"
          ]
        }
      ]
    },
    {
      "module": "module.api_gateway",
      "mode": "managed",
      "type": "aws_api_gateway_integration",
      "name": "lambda",
      "provider": "provider[\"registry.terraform.io/hashicorp/aws\"]",
      "instances": [
        {
          "schema_version": 0,
          "attributes": {
            "cache_key_parameters": [],
            "cache_namespace": "ibmrbq",
            "connection_id": "",
            "connection_type": "INTERNET",
            "content_handling": "",
            "credentials": "",
            "http_method": "ANY",
            "id": "agi-bjcm3wi9s4-ibmrbq-ANY",
            "integration_http_method": "POST",
            "passthrough_behavior": "WHEN_NO_MATCH",
            "request_parameters": {},
            "request_templates": {},
            "resource_id": "ibmrbq",
            "rest_api_id": "bjcm3wi9s4",
            "timeout_milliseconds": 29000,
            "tls_config": [],
            "type": "AWS_PROXY",
            "uri": "arn:aws:apigateway:ap-northeast-1:lambda:path/2015-03-31/functions/arn:aws:lambda:ap-northeast-1:384504716192:function:carp-connect-moderation-function/invocations"
          },
          "sensitive_attributes": [],
          "identity_schema_version": 0,
          "private": "bnVsbA==",
          "dependencies": [
            "module.api_gateway.aws_api_gateway_method.proxy",
            "module.api_gateway.aws_api_gateway_resource.proxy",
            "module.api_gateway.aws_api_gateway_rest_api.main",
            "module.dynamodb.aws_dynamodb_table.board_table",
            "module.dynamodb.aws_dynamodb_table.comment_table",
            "module.dynamodb.aws_dynamodb_table.moderation_table",
            "module.dynamodb.aws_dynamodb_table.post_table",
            "module.dynamodb.aws_dynamodb_table.user_table",
            "module.iam.aws_iam_role.lambda_role",
            "module.lambda.aws_lambda_function.main",
            "module.lambda.data.archive_file.lambda_zip"
          ]
        }
      ]
    },
    {
      "module": "module.api_gateway",
      "mode": "managed",
      "type": "aws_api_gateway_integration",
      "name": "lambda_root",
      "provider": "provider[\"registry.terraform.io/hashicorp/aws\"]",
      "instances": [
        {
          "schema_version": 0,
          "attributes": {
            "cache_key_parameters": [],
            "cache_namespace": "yxku8niqzl",
            "connection_id": "",
            "connection_type": "INTERNET",
            "content_handling": "",
            "credentials": "",
            "http_method": "ANY",
            "id": "agi-bjcm3wi9s4-yxku8niqzl-ANY",
            "integration_http_method": "POST",
            "passthrough_behavior": "WHEN_NO_MATCH",
            "request_parameters": {},
            "request_templates": {},
            "resource_id": "yxku8niqzl",
            "rest_api_id": "bjcm3wi9s4",
            "timeout_milliseconds": 29000,
            "tls_config": [],
            "type": "AWS_PROXY",
            "uri": "arn:aws:apigateway:ap-northeast-1:lambda:path/2015-03-31/functions/arn:aws:lambda:ap-northeast-1:384504716192:function:carp-connect-moderation-function/invocations"
          },
          "sensitive_attributes": [],
          "identity_schema_version": 0,
          "private": "bnVsbA==",
          "dependencies": [
            "module.api_gateway.aws_api_gateway_method.proxy_root",
            "module.api_gateway.aws_api_gateway_rest_api.main",
            "module.dynamodb.aws_dynamodb_table.board_table",
            "module.dynamodb.aws_dynamodb_table.comment_table",
            "module.dynamodb.aws_dynamodb_table.moderation_table",
            "module.dynamodb.aws_dynamodb_table.post_table",
            "module.dynamodb.aws_dynamodb_table.user_table",
            "module.iam.aws_iam_role.lambda_role",
            "module.lambda.aws_lambda_function.main",
            "module.lambda.data.archive_file.lambda_zip"
          ]
        }
      ]
    },
    {
      "module": "module.api_gateway",
      "mode": "managed",
      "type": "aws_api_gateway_method",
      "name": "proxy",
      "provider": "provider[\"registry.terraform.io/hashicorp/aws\"]",
      "instances": [
        {
          "schema_version": 0,
          "attributes": {
            "api_key_required": false,
            "authorization": "NONE",
            "authorization_scopes": [],
            "authorizer_id": "",
            "http_method": "ANY",
            "id": "agm-bjcm3wi9s4-ibmrbq-ANY",
            "operation_name": "",
            "request_models": {},
            "request_parameters": {},
            "request_validator_id": "",
            "resource_id": "ibmrbq",
            "rest_api_id": "bjcm3wi9s4"
          },
          "sensitive_attributes": [],
          "identity_schema_version": 0,
          "private": "bnVsbA==",
          "dependencies": [
            "module.api_gateway.aws_api_gateway_resource.proxy",
            "module.api_gateway.aws_api_gateway_rest_api.main"
          ]
        }
      ]
    },
    {
      "module": "module.api_gateway",
      "mode": "managed",
      "type": "aws_api_gateway_method",
      "name": "proxy_root",
      "provider": "provider[\"registry.terraform.io/hashicorp/aws\"]",
      "instances": [
        {
          "schema_version": 0,
          "attributes": {
            "api_key_required": false,
            "authorization": "NONE",
            "authorization_scopes": [],
            "authorizer_id": "",
            "http_method": "ANY",
            "id": "agm-bjcm3wi9s4-yxku8niqzl-ANY",
            "operation_name": "",
            "request_models": {},
            "request_parameters": {},
            "request_validator_id": "",
            "resource_id": "yxku8niqzl",
            "rest_api_id": "bjcm3wi9s4"
          },
          "sensitive_attributes": [],
          "identity_schema_version": 0,
          "private": "bnVsbA==",
          "dependencies": [
            "module.api_gateway.aws_api_gateway_rest_api.main"
          ]
        }
      ]
    },
    {
      "module": "module.api_gateway",
      "mode": "managed",
      "type": "aws_api_gateway_resource",
      "name": "proxy",
      "provider": "provider[\"registry.terraform.io/hashicorp/aws\"]",
      "instances": [
        {
          "schema_version": 0,
          "attributes": {
            "id": "ibmrbq",
            "parent_id": "yxku8niqzl",
            "path": "/{proxy+}",
            "path_part": "{proxy+}",
            "rest_api_id": "bjcm3wi9s4"
          },
          "sensitive_attributes": [],
          "identity_schema_version": 0,
          "private": "bnVsbA==",
          "dependencies": [
            "module.api_gateway.aws_api_gateway_rest_api.main"
          ]
        }
      ]
    },
    {
      "module": "module.api_gateway",
      "mode": "managed",
      "type": "aws_api_gateway_rest_api",
      "name": "main",
      "provider": "provider[\"registry.terraform.io/hashicorp/aws\"]",
      "instances": [
        {
          "schema_version": 0,
          "attributes": {
            "api_key_source": "HEADER",
            "arn": "arn:aws:apigateway:ap-northeast-1::/restapis/bjcm3wi9s4",
            "binary_media_types": [],
            "body": null,
            "created_date": "2025-08-20T04:40:23Z",
            "description": "Carp Connect Moderation API",
            "disable_execute_api_endpoint": false,
            "endpoint_configuration": [
              {
                "ip_address_type": "ipv4",
                "types": [
                  "EDGE"
                ],
                "vpc_endpoint_ids": []
              }
            ],
            "execution_arn": "arn:aws:execute-api:ap-northeast-1:384504716192:bjcm3wi9s4",
            "fail_on_warnings": null,
            "id": "bjcm3wi9s4",
            "minimum_compression_size": "",
            "name": "carp-connect-moderation-api",
            "parameters": null,
            "policy": "",
            "put_rest_api_mode": null,
            "root_resource_id": "yxku8niqzl",
            "tags": {
              "Environment": "dev",
              "ManagedBy": "terraform",
              "Project": "carp-connect-moderation"
            },
            "tags_all": {
              "Environment": "dev",
              "ManagedBy": "terraform",
              "Project": "carp-connect-moderation"
            }
          },
          "sensitive_attributes": [],
          "identity_schema_version": 0,
          "private": "bnVsbA=="
        }
      ]
    },
    {
      "module": "module.api_gateway",
      "mode": "managed",
      "type": "aws_api_gateway_stage",
      "name": "main",
      "provider": "provider[\"registry.terraform.io/hashicorp/aws\"]",
      "instances": [
        {
          "schema_version": 0,
          "attributes": {
            "access_log_settings": [],
            "arn": "arn:aws:apigateway:ap-northeast-1::/restapis/bjcm3wi9s4/stages/prod",
            "cache_cluster_enabled": false,
            "cache_cluster_size": "",
            "canary_settings": [],
            "client_certificate_id": "",
            "deployment_id": "vxv7qf",
            "description": "",
            "documentation_version": "",
            "execution_arn": "arn:aws:execute-api:ap-northeast-1:384504716192:bjcm3wi9s4/prod",
            "id": "ags-bjcm3wi9s4-prod",
            "invoke_url": "https://bjcm3wi9s4.execute-api.ap-northeast-1.amazonaws.com/prod",
            "rest_api_id": "bjcm3wi9s4",
            "stage_name": "prod",
            "tags": {},
            "tags_all": {},
            "variables": {},
            "web_acl_arn": "",
            "xray_tracing_enabled": false
          },
          "sensitive_attributes": [],
          "identity_schema_version": 0,
          "private": "bnVsbA==",
          "dependencies": [
            "module.api_gateway.aws_api_gateway_deployment.main",
            "module.api_gateway.aws_api_gateway_integration.lambda",
            "module.api_gateway.aws_api_gateway_integration.lambda_root",
            "module.api_gateway.aws_api_gateway_method.proxy",
            "module.api_gateway.aws_api_gateway_method.proxy_root",
            "module.api_gateway.aws_api_gateway_resource.proxy",
            "module.api_gateway.aws_api_gateway_rest_api.main",
            "module.dynamodb.aws_dynamodb_table.board_table",
            "module.dynamodb.aws_dynamodb_table.comment_table",
            "module.dynamodb.aws_dynamodb_table.moderation_table",
            "module.dynamodb.aws_dynamodb_table.post_table",
            "module.dynamodb.aws_dynamodb_table.user_table",
            "module.iam.aws_iam_role.lambda_role",
            "module.lambda.aws_lambda_function.main",
            "module.lambda.data.archive_file.lambda_zip"
          ]
        }
      ]
    },
    {
      "module": "module.api_gateway",
      "mode": "managed",
      "type": "aws_lambda_permission",
      "name": "api_gateway",
      "provider": "provider[\"registry.terraform.io/hashicorp/aws\"]",
      "instances": [
        {
          "schema_version": 0,
          "attributes": {
            "action": "lambda:InvokeFunction",
            "event_source_token": null,
            "function_name": "carp-connect-moderation-function",
            "function_url_auth_type": null,
            "id": "AllowExecutionFromAPIGateway",
            "principal": "apigateway.amazonaws.com",
            "principal_org_id": null,
            "qualifier": "",
            "source_account": null,
            "source_arn": "arn:aws:execute-api:ap-northeast-1:384504716192:bjcm3wi9s4/*/*",
            "statement_id": "AllowExecutionFromAPIGateway",
            "statement_id_prefix": ""
          },
          "sensitive_attributes": [],
          "identity_schema_version": 0,
          "private": "bnVsbA==",
          "dependencies": [
            "module.api_gateway.aws_api_gateway_rest_api.main",
            "module.dynamodb.aws_dynamodb_table.board_table",
            "module.dynamodb.aws_dynamodb_table.comment_table",
            "module.dynamodb.aws_dynamodb_table.moderation_table",
            "module.dynamodb.aws_dynamodb_table.post_table",
            "module.dynamodb.aws_dynamodb_table.user_table",
            "module.iam.aws_iam_role.lambda_role",
            "module.lambda.aws_lambda_function.main",
            "module.lambda.data.archive_file.lambda_zip"
          ]
        }
      ]
    },
    {
      "module": "module.dynamodb",
      "mode": "managed",
      "type": "aws_dynamodb_table",
      "name": "board_table",
      "provider": "provider[\"registry.terraform.io/hashicorp/aws\"]",
      "instances": [
        {
          "schema_version": 1,
          "attributes": {
            "arn": "arn:aws:dynamodb:ap-northeast-1:384504716192:table/carp-connect-moderation-boards",
            "attribute": [
              {
                "name": "board_id",
                "type": "S"
              }
            ],
            "billing_mode": "PAY_PER_REQUEST",
            "deletion_protection_enabled": false,
            "global_secondary_index": [],
            "hash_key": "board_id",
            "id": "carp-connect-moderation-boards",
            "import_table": [],
            "local_secondary_index": [],
            "name": "carp-connect-moderation-boards",
            "on_demand_throughput": [],
            "point_in_time_recovery": [
              {
                "enabled": false,
                "recovery_period_in_days": 0
              }
            ],
            "range_key": null,
            "read_capacity": 0,
            "replica": [],
            "restore_date_time": null,
            "restore_source_name": null,
            "restore_source_table_arn": null,
            "restore_to_latest_time": null,
            "server_side_encryption": [],
            "stream_arn": "",
            "stream_enabled": false,
            "stream_label": "",
            "stream_view_type": "",
            "table_class": "STANDARD",
            "tags": {
              "Environment": "dev",
              "ManagedBy": "terraform",
              "Project": "carp-connect-moderation"
            },
            "tags_all": {
              "Environment": "dev",
              "ManagedBy": "terraform",
              "Project": "carp-connect-moderation"
            },
            "timeouts": null,
            "ttl": [
              {
                "attribute_name": "",
                "enabled": false
              }
            ],
            "write_capacity": 0
          },
          "sensitive_attributes": [],
          "identity_schema_version": 0,
          "private": "eyJlMmJmYjczMC1lY2FhLTExZTYtOGY4OC0zNDM2M2JjN2M0YzAiOnsiY3JlYXRlIjoxODAwMDAwMDAwMDAwLCJkZWxldGUiOjYwMDAwMDAwMDAwMCwidXBkYXRlIjozNjAwMDAwMDAwMDAwfSwic2NoZW1hX3ZlcnNpb24iOiIxIn0="
        }
      ]
    },
    {
      "module": "module.dynamodb",
      "mode": "managed",
      "type": "aws_dynamodb_table",
      "name": "comment_table",
      "provider": "provider[\"registry.terraform.io/hashicorp/aws\"]",
      "instances": [
        {
          "schema_version": 1,
          "attributes": {
            "arn": "arn:aws:dynamodb:ap-northeast-1:384504716192:table/carp-connect-moderation-comments",
            "attribute": [
              {
                "name": "comment_id",
                "type": "S"
              }
            ],
            "billing_mode": "PAY_PER_REQUEST",
            "deletion_protection_enabled": false,
            "global_secondary_index": [],
            "hash_key": "comment_id",
            "id": "carp-connect-moderation-comments",
            "import_table": [],
            "local_secondary_index": [],
            "name": "carp-connect-moderation-comments",
            "on_demand_throughput": [],
            "point_in_time_recovery": [
              {
                "enabled": false,
                "recovery_period_in_days": 0
              }
            ],
            "range_key": null,
            "read_capacity": 0,
            "replica": [],
            "restore_date_time": null,
            "restore_source_name": null,
            "restore_source_table_arn": null,
            "restore_to_latest_time": null,
            "server_side_encryption": [],
            "stream_arn": "",
            "stream_enabled": false,
            "stream_label": "",
            "stream_view_type": "",
            "table_class": "STANDARD",
            "tags": {
              "Environment": "dev",
              "ManagedBy": "terraform",
              "Project": "carp-connect-moderation"
            },
            "tags_all": {
              "Environment": "dev",
              "ManagedBy": "terraform",
              "Project": "carp-connect-moderation"
            },
            "timeouts": null,
            "ttl": [
              {
                "attribute_name": "",
                "enabled": false
              }
            ],
            "write_capacity": 0
          },
          "sensitive_attributes": [],
          "identity_schema_version": 0,
          "private": "eyJlMmJmYjczMC1lY2FhLTExZTYtOGY4OC0zNDM2M2JjN2M0YzAiOnsiY3JlYXRlIjoxODAwMDAwMDAwMDAwLCJkZWxldGUiOjYwMDAwMDAwMDAwMCwidXBkYXRlIjozNjAwMDAwMDAwMDAwfSwic2NoZW1hX3ZlcnNpb24iOiIxIn0="
        }
      ]
    },
    {
      "module": "module.dynamodb",
      "mode": "managed",
      "type": "aws_dynamodb_table",
      "name": "moderation_table",
      "provider": "provider[\"registry.terraform.io/hashicorp/aws\"]",
      "instances": [
        {
          "schema_version": 1,
          "attributes": {
            "arn": "arn:aws:dynamodb:ap-northeast-1:384504716192:table/carp-connect-moderation-moderation",
            "attribute": [
              {
                "name": "moderation_id",
                "type": "S"
              }
            ],
            "billing_mode": "PAY_PER_REQUEST",
            "deletion_protection_enabled": false,
            "global_secondary_index": [],
            "hash_key": "moderation_id",
            "id": "carp-connect-moderation-moderation",
            "import_table": [],
            "local_secondary_index": [],
            "name": "carp-connect-moderation-moderation",
            "on_demand_throughput": [],
            "point_in_time_recovery": [
              {
                "enabled": false,
                "recovery_period_in_days": 0
              }
            ],
            "range_key": null,
            "read_capacity": 0,
            "replica": [],
            "restore_date_time": null,
            "restore_source_name": null,
            "restore_source_table_arn": null,
            "restore_to_latest_time": null,
            "server_side_encryption": [],
            "stream_arn": "",
            "stream_enabled": false,
            "stream_label": "",
            "stream_view_type": "",
            "table_class": "STANDARD",
            "tags": {
              "Environment": "dev",
              "ManagedBy": "terraform",
              "Project": "carp-connect-moderation"
            },
            "tags_all": {
              "Environment": "dev",
              "ManagedBy": "terraform",
              "Project": "carp-connect-moderation"
            },
            "timeouts": null,
            "ttl": [
              {
                "attribute_name": "",
                "enabled": false
              }
            ],
            "write_capacity": 0
          },
          "sensitive_attributes": [],
          "identity_schema_version": 0,
          "private": "eyJlMmJmYjczMC1lY2FhLTExZTYtOGY4OC0zNDM2M2JjN2M0YzAiOnsiY3JlYXRlIjoxODAwMDAwMDAwMDAwLCJkZWxldGUiOjYwMDAwMDAwMDAwMCwidXBkYXRlIjozNjAwMDAwMDAwMDAwfSwic2NoZW1hX3ZlcnNpb24iOiIxIn0="
        }
      ]
    },
    {
      "module": "module.dynamodb",
      "mode": "managed",
      "type": "aws_dynamodb_table",
      "name": "post_table",
      "provider": "provider[\"registry.terraform.io/hashicorp/aws\"]",
      "instances": [
        {
          "schema_version": 1,
          "attributes": {
            "arn": "arn:aws:dynamodb:ap-northeast-1:384504716192:table/carp-connect-moderation-posts",
            "attribute": [
              {
                "name": "post_id",
                "type": "S"
              }
            ],
            "billing_mode": "PAY_PER_REQUEST",
            "deletion_protection_enabled": false,
            "global_secondary_index": [],
            "hash_key": "post_id",
            "id": "carp-connect-moderation-posts",
            "import_table": [],
            "local_secondary_index": [],
            "name": "carp-connect-moderation-posts",
            "on_demand_throughput": [],
            "point_in_time_recovery": [
              {
                "enabled": false,
                "recovery_period_in_days": 0
              }
            ],
            "range_key": null,
            "read_capacity": 0,
            "replica": [],
            "restore_date_time": null,
            "restore_source_name": null,
            "restore_source_table_arn": null,
            "restore_to_latest_time": null,
            "server_side_encryption": [],
            "stream_arn": "",
            "stream_enabled": false,
            "stream_label": "",
            "stream_view_type": "",
            "table_class": "STANDARD",
            "tags": {
              "Environment": "dev",
              "ManagedBy": "terraform",
              "Project": "carp-connect-moderation"
            },
            "tags_all": {
              "Environment": "dev",
              "ManagedBy": "terraform",
              "Project": "carp-connect-moderation"
            },
            "timeouts": null,
            "ttl": [
              {
                "attribute_name": "",
                "enabled": false
              }
            ],
            "write_capacity": 0
          },
          "sensitive_attributes": [],
          "identity_schema_version": 0,
          "private": "eyJlMmJmYjczMC1lY2FhLTExZTYtOGY4OC0zNDM2M2JjN2M0YzAiOnsiY3JlYXRlIjoxODAwMDAwMDAwMDAwLCJkZWxldGUiOjYwMDAwMDAwMDAwMCwidXBkYXRlIjozNjAwMDAwMDAwMDAwfSwic2NoZW1hX3ZlcnNpb24iOiIxIn0="
        }
      ]
    },
    {
      "module": "module.dynamodb",
      "mode": "managed",
      "type": "aws_dynamodb_table",
      "name": "user_table",
      "provider": "provider[\"registry.terraform.io/hashicorp/aws\"]",
      "instances": [
        {
          "schema_version": 1,
          "attributes": {
            "arn": "arn:aws:dynamodb:ap-northeast-1:384504716192:table/carp-connect-moderation-users",
            "attribute": [
              {
                "name": "user_id",
                "type": "S"
              }
            ],
            "billing_mode": "PAY_PER_REQUEST",
            "deletion_protection_enabled": false,
            "global_secondary_index": [],
            "hash_key": "user_id",
            "id": "carp-connect-moderation-users",
            "import_table": [],
            "local_secondary_index": [],
            "name": "carp-connect-moderation-users",
            "on_demand_throughput": [],
            "point_in_time_recovery": [
              {
                "enabled": false,
                "recovery_period_in_days": 0
              }
            ],
            "range_key": null,
            "read_capacity": 0,
            "replica": [],
            "restore_date_time": null,
            "restore_source_name": null,
            "restore_source_table_arn": null,
            "restore_to_latest_time": null,
            "server_side_encryption": [],
            "stream_arn": "",
            "stream_enabled": false,
            "stream_label": "",
            "stream_view_type": "",
            "table_class": "STANDARD",
            "tags": {
              "Environment": "dev",
              "ManagedBy": "terraform",
              "Project": "carp-connect-moderation"
            },
            "tags_all": {
              "Environment": "dev",
              "ManagedBy": "terraform",
              "Project": "carp-connect-moderation"
            },
            "timeouts": null,
            "ttl": [
              {
                "attribute_name": "",
                "enabled": false
              }
            ],
            "write_capacity": 0
          },
          "sensitive_attributes": [],
          "identity_schema_version": 0,
          "private": "eyJlMmJmYjczMC1lY2FhLTExZTYtOGY4OC0zNDM2M2JjN2M0YzAiOnsiY3JlYXRlIjoxODAwMDAwMDAwMDAwLCJkZWxldGUiOjYwMDAwMDAwMDAwMCwidXBkYXRlIjozNjAwMDAwMDAwMDAwfSwic2NoZW1hX3ZlcnNpb24iOiIxIn0="
        }
      ]
    },
    {
      "module": "module.iam",
      "mode": "data",
      "type": "aws_caller_identity",
      "name": "current",
      "provider": "provider[\"registry.terraform.io/hashicorp/aws\"]",
      "instances": [
        {
          "schema_version": 0,
          "attributes": {
            "account_id": "384504716192",
            "arn": "arn:aws:iam::384504716192:user/suisan",
            "id": "384504716192",
            "user_id": "AIDAVTBSELOQOJ4BWMIKV"
          },
          "sensitive_attributes": [],
          "identity_schema_version": 0
        }
      ]
    },
    {
      "module": "module.iam",
      "mode": "managed",
      "type": "aws_iam_policy",
      "name": "bedrock_policy",
      "provider": "provider[\"registry.terraform.io/hashicorp/aws\"]",
      "instances": [
        {
          "schema_version": 0,
          "attributes": {
            "arn": "arn:aws:iam::384504716192:policy/carp-connect-moderation-bedrock-policy",
            "attachment_count": 1,
            "description": "Bedrock用のポリシー",
            "id": "arn:aws:iam::384504716192:policy/carp-connect-moderation-bedrock-policy",
            "name": "carp-connect-moderation-bedrock-policy",
            "name_prefix": "",
            "path": "/",
            "policy": "{\"Statement\":[{\"Action\":[\"bedrock:ListFoundationModels\",\"bedrock:GetFoundationModel\",\"bedrock:InvokeModel\",\"bedrock:InvokeModelWithResponseStream\",\"bedrock:ListProvisionedModelThroughputs\",\"bedrock:GetProvisionedModelThroughput\"],\"Effect\":\"Allow\",\"Resource\":[\"arn:aws:bedrock:ap-northeast-1::foundation-model/*\",\"arn:aws:bedrock:ap-northeast-1::foundation-model/amazon.titan-text-express-v1\",\"arn:aws:bedrock:ap-northeast-1::foundation-model/amazon.titan-text-lite-v1\",\"arn:aws:bedrock:ap-northeast-1::foundation-model/amazon.titan-embed-text-v1\",\"arn:aws:bedrock:ap-northeast-1::foundation-model/amazon.titan-embed-text-v2\",\"arn:aws:bedrock:ap-northeast-1::foundation-model/amazon.nova-*\",\"arn:aws:bedrock:ap-northeast-1::foundation-model/anthropic.claude-*\",\"arn:aws:bedrock:ap-northeast-1::foundation-model/ai21.j2-*\",\"arn:aws:bedrock:ap-northeast-1::foundation-model/cohere.command-*\",\"arn:aws:bedrock:ap-northeast-1::foundation-model/cohere.embed-*\",\"arn:aws:bedrock:ap-northeast-1::foundation-model/cohere.rerank-*\"]}],\"Version\":\"2012-10-17\"}",
            "policy_id": "ANPAVTBSELOQASXPAOLYB",
            "tags": {},
            "tags_all": {}
          },
          "sensitive_attributes": [],
          "identity_schema_version": 0,
          "private": "bnVsbA=="
        }
      ]
    },
    {
      "module": "module.iam",
      "mode": "managed",
      "type": "aws_iam_policy",
      "name": "dynamodb_policy",
      "provider": "provider[\"registry.terraform.io/hashicorp/aws\"]",
      "instances": [
        {
          "schema_version": 0,
          "attributes": {
            "arn": "arn:aws:iam::384504716192:policy/carp-connect-moderation-dynamodb-policy",
            "attachment_count": 1,
            "description": "DynamoDB用のポリシー",
            "id": "arn:aws:iam::384504716192:policy/carp-connect-moderation-dynamodb-policy",
            "name": "carp-connect-moderation-dynamodb-policy",
            "name_prefix": "",
            "path": "/",
            "policy": "{\"Statement\":[{\"Action\":[\"dynamodb:GetItem\",\"dynamodb:PutItem\",\"dynamodb:UpdateItem\",\"dynamodb:DeleteItem\",\"dynamodb:Query\",\"dynamodb:Scan\",\"dynamodb:BatchGetItem\",\"dynamodb:BatchWriteItem\"],\"Effect\":\"Allow\",\"Resource\":[\"arn:aws:dynamodb:ap-northeast-1:384504716192:table/carp-connect-moderation-*\"]}],\"Version\":\"2012-10-17\"}",
            "policy_id": "ANPAVTBSELOQKVUC4JIFX",
            "tags": {},
            "tags_all": {}
          },
          "sensitive_attributes": [],
          "identity_schema_version": 0,
          "private": "bnVsbA==",
          "dependencies": [
            "module.iam.data.aws_caller_identity.current"
          ]
        }
      ]
    },
    {
      "module": "module.iam",
      "mode": "managed",
      "type": "aws_iam_policy",
      "name": "local_development_policy",
      "provider": "provider[\"registry.terraform.io/hashicorp/aws\"]",
      "instances": [
        {
          "schema_version": 0,
          "attributes": {
            "arn": "arn:aws:iam::384504716192:policy/carp-connect-moderation-local-development-policy",
            "attachment_count": 0,
            "description": "ローカル開発用の包括的なポリシー",
            "id": "arn:aws:iam::384504716192:policy/carp-connect-moderation-local-development-policy",
            "name": "carp-connect-moderation-local-development-policy",
            "name_prefix": "",
            "path": "/",
            "policy": "{\"Statement\":[{\"Action\":[\"bedrock:*\"],\"Effect\":\"Allow\",\"Resource\":\"*\"},{\"Action\":[\"dynamodb:*\"],\"Effect\":\"Allow\",\"Resource\":\"*\"},{\"Action\":[\"iam:GetUser\",\"iam:GetUserPolicy\",\"iam:ListAttachedUserPolicies\",\"iam:ListUserPolicies\"],\"Effect\":\"Allow\",\"Resource\":\"*\"}],\"Version\":\"2012-10-17\"}",
            "policy_id": "ANPAVTBSELOQMVAKS3CO4",
            "tags": null,
            "tags_all": {}
          },
          "sensitive_attributes": [],
          "identity_schema_version": 0,
          "private": "bnVsbA=="
        }
      ]
    },
    {
      "module": "module.iam",
      "mode": "managed",
      "type": "aws_iam_role",
      "name": "lambda_role",
      "provider": "provider[\"registry.terraform.io/hashicorp/aws\"]",
      "instances": [
        {
          "schema_version": 0,
          "attributes": {
            "arn": "arn:aws:iam::384504716192:role/carp-connect-moderation-lambda-role",
            "assume_role_policy": "{\"Statement\":[{\"Action\":\"sts:AssumeRole\",\"Effect\":\"Allow\",\"Principal\":{\"Service\":\"lambda.amazonaws.com\"}}],\"Version\":\"2012-10-17\"}",
            "create_date": "2025-08-20T04:40:22Z",
            "description": "",
            "force_detach_policies": false,
            "id": "carp-connect-moderation-lambda-role",
            "inline_policy": [],
            "managed_policy_arns": [
              "arn:aws:iam::384504716192:policy/carp-connect-moderation-bedrock-policy",
              "arn:aws:iam::384504716192:policy/carp-connect-moderation-dynamodb-policy"
            ],
            "max_session_duration": 3600,
            "name": "carp-connect-moderation-lambda-role",
            "name_prefix": "",
            "path": "/",
            "permissions_boundary": "",
            "tags": {},
            "tags_all": {},
            "unique_id": "AROAVTBSELOQBW7CQHFU3"
          },
          "sensitive_attributes": [],
          "identity_schema_version": 0,
          "private": "bnVsbA=="
        }
      ]
    },
    {
      "module": "module.iam",
      "mode": "managed",
      "type": "aws_iam_role_policy_attachment",
      "name": "lambda_bedrock",
      "provider": "provider[\"registry.terraform.io/hashicorp/aws\"]",
      "instances": [
        {
          "schema_version": 0,
          "attributes": {
            "id": "carp-connect-moderation-lambda-role-20250821011906339900000002",
            "policy_arn": "arn:aws:iam::384504716192:policy/carp-connect-moderation-bedrock-policy",
            "role": "carp-connect-moderation-lambda-role"
          },
          "sensitive_attributes": [],
          "identity_schema_version": 0,
          "private": "bnVsbA==",
          "dependencies": [
            "module.iam.aws_iam_policy.bedrock_policy",
            "module.iam.aws_iam_role.lambda_role"
          ]
        }
      ]
    },
    {
      "module": "module.iam",
      "mode": "managed",
      "type": "aws_iam_role_policy_attachment",
      "name": "lambda_dynamodb",
      "provider": "provider[\"registry.terraform.io/hashicorp/aws\"]",
      "instances": [
        {
          "schema_version": 0,
          "attributes": {
            "id": "carp-connect-moderation-lambda-role-20250821011905832900000001",
            "policy_arn": "arn:aws:iam::384504716192:policy/carp-connect-moderation-dynamodb-policy",
            "role": "carp-connect-moderation-lambda-role"
          },
          "sensitive_attributes": [],
          "identity_schema_version": 0,
          "private": "bnVsbA==",
          "dependencies": [
            "module.iam.aws_iam_policy.dynamodb_policy",
            "module.iam.aws_iam_role.lambda_role",
            "module.iam.data.aws_caller_identity.current"
          ]
        }
      ]
    },
    {
      "module": "module.lambda",
      "mode": "data",
      "type": "archive_file",
      "name": "lambda_zip",
      "provider": "provider[\"registry.terraform.io/hashicorp/archive\"]",
      "instances": [
        {
          "schema_version": 0,
          "attributes": {
            "exclude_symlink_directories": null,
            "excludes": [
              "*.pyc",
              ".env",
              "__pycache__",
              "env.example"
            ],
            "id": "9a3194bace0f3829a07d693fd52aec3a69bfddce",
            "output_base64sha256": "dug6OAA7esXZYhnGOmZdQkLIRYrbpkl9H3umoLDmI6k=",
            "output_base64sha512": "9Ziio5qGHjeipOYMfs7JMmtdDbsdnJA+4ZMqDrg95F1934cHidTlFQLqNSIy7BHErNHawwYcpRLgCOmHywEpMA==",
            "output_file_mode": null,
            "output_md5": "aad0686c023489b591e73541a3cb5c08",
            "output_path": "modules/lambda/lambda.zip",
            "output_sha": "9a3194bace0f3829a07d693fd52aec3a69bfddce",
            "output_sha256": "76e83a38003b7ac5d96219c63a665d4242c8458adba6497d1f7ba6a0b0e623a9",
            "output_sha512": "f598a2a39a861e37a2a4e60c7ecec9326b5d0dbb1d9c903ee1932a0eb83de45d7ddf870789d4e51502ea352232ec11c4acd1dac3061ca512e008e987cb012930",
            "output_size": 29364,
            "source": [],
            "source_content": null,
            "source_content_filename": null,
            "source_dir": "modules/lambda/../../../../backend",
            "source_file": null,
            "type": "zip"
          },
          "sensitive_attributes": [],
          "identity_schema_version": 0
        }
      ]
    },
    {
      "module": "module.lambda",
      "mode": "managed",
      "type": "aws_lambda_function",
      "name": "main",
      "provider": "provider[\"registry.terraform.io/hashicorp/aws\"]",
      "instances": [
        {
          "schema_version": 0,
          "attributes": {
            "architectures": [
              "x86_64"
            ],
            "arn": "arn:aws:lambda:ap-northeast-1:384504716192:function:carp-connect-moderation-function",
            "code_sha256": "KjMVQQxHsJb+/RA5QjUicF95zJ32z8B+QDbsS6SBLCI=",
            "code_signing_config_arn": "",
            "dead_letter_config": [],
            "description": "",
            "environment": [
              {
                "variables": {
                  "BEDROCK_MODEL_ID": "anthropic.claude-v2",
                  "DYNAMODB_BOARD_TABLE": "carp-connect-moderation-boards",
                  "DYNAMODB_COMMENT_TABLE": "carp-connect-moderation-comments",
                  "DYNAMODB_MODERATION_TABLE": "carp-connect-moderation-moderation",
                  "DYNAMODB_POST_TABLE": "carp-connect-moderation-posts",
                  "DYNAMODB_USER_TABLE": "carp-connect-moderation-users"
                }
              }
            ],
            "ephemeral_storage": [
              {
                "size": 512
              }
            ],
            "file_system_config": [],
            "filename": "modules/lambda/lambda.zip",
            "function_name": "carp-connect-moderation-function",
            "handler": "app.main.handler",
            "id": "carp-connect-moderation-function",
            "image_config": [],
            "image_uri": "",
            "invoke_arn": "arn:aws:apigateway:ap-northeast-1:lambda:path/2015-03-31/functions/arn:aws:lambda:ap-northeast-1:384504716192:function:carp-connect-moderation-function/invocations",
            "kms_key_arn": "",
            "last_modified": "2025-08-20T04:40:37.921+0000",
            "layers": [],
            "logging_config": [
              {
                "application_log_level": "",
                "log_format": "Text",
                "log_group": "/aws/lambda/carp-connect-moderation-function",
                "system_log_level": ""
              }
            ],
            "memory_size": 512,
            "package_type": "Zip",
            "publish": false,
            "qualified_arn": "arn:aws:lambda:ap-northeast-1:384504716192:function:carp-connect-moderation-function:$LATEST",
            "qualified_invoke_arn": "arn:aws:apigateway:ap-northeast-1:lambda:path/2015-03-31/functions/arn:aws:lambda:ap-northeast-1:384504716192:function:carp-connect-moderation-function:$LATEST/invocations",
            "replace_security_groups_on_destroy": null,
            "replacement_security_group_ids": null,
            "reserved_concurrent_executions": -1,
            "role": "arn:aws:iam::384504716192:role/carp-connect-moderation-lambda-role",
            "runtime": "python3.9",
            "s3_bucket": null,
            "s3_key": null,
            "s3_object_version": null,
            "signing_job_arn": "",
            "signing_profile_version_arn": "",
            "skip_destroy": false,
            "snap_start": [],
            "source_code_hash": "",
            "source_code_size": 6816,
            "tags": {
              "Environment": "dev",
              "ManagedBy": "terraform",
              "Project": "carp-connect-moderation"
            },
            "tags_all": {
              "Environment": "dev",
              "ManagedBy": "terraform",
              "Project": "carp-connect-moderation"
            },
            "timeout": 30,
            "timeouts": null,
            "tracing_config": [
              {
                "mode": "PassThrough"
              }
            ],
            "version": "$LATEST",
            "vpc_config": []
          },
          "sensitive_attributes": [],
          "identity_schema_version": 0,
          "private": "eyJlMmJmYjczMC1lY2FhLTExZTYtOGY4OC0zNDM2M2JjN2M0YzAiOnsiY3JlYXRlIjo2MDAwMDAwMDAwMDAsImRlbGV0ZSI6NjAwMDAwMDAwMDAwLCJ1cGRhdGUiOjYwMDAwMDAwMDAwMH19",
          "dependencies": [
            "module.dynamodb.aws_dynamodb_table.board_table",
            "module.dynamodb.aws_dynamodb_table.comment_table",
            "module.dynamodb.aws_dynamodb_table.moderation_table",
            "module.dynamodb.aws_dynamodb_table.post_table",
            "module.dynamodb.aws_dynamodb_table.user_table",
            "module.iam.aws_iam_role.lambda_role",
            "module.lambda.data.archive_file.lambda_zip"
          ]
        }
      ]
    },
    {
      "module": "module.lambda",
      "mode": "managed",
      "type": "aws_lambda_function_url",
      "name": "main",
      "provider": "provider[\"registry.terraform.io/hashicorp/aws\"]",
      "instances": [
        {
          "schema_version": 0,
          "attributes": {
            "authorization_type": "NONE",
            "cors": [],
            "function_arn": "arn:aws:lambda:ap-northeast-1:384504716192:function:carp-connect-moderation-function",
            "function_name": "carp-connect-moderation-function",
            "function_url": "https://mzexnde3fex22vmoctxfyp2r2a0keuya.lambda-url.ap-northeast-1.on.aws/",
            "id": "carp-connect-moderation-function",
            "invoke_mode": "BUFFERED",
            "qualifier": "",
            "timeouts": null,
            "url_id": "mzexnde3fex22vmoctxfyp2r2a0keuya"
          },
          "sensitive_attributes": [],
          "identity_schema_version": 0,
          "private": "eyJlMmJmYjczMC1lY2FhLTExZTYtOGY4OC0zNDM2M2JjN2M0YzAiOnsiY3JlYXRlIjo2MDAwMDAwMDAwMDB9fQ==",
          "dependencies": [
            "module.dynamodb.aws_dynamodb_table.board_table",
            "module.dynamodb.aws_dynamodb_table.comment_table",
            "module.dynamodb.aws_dynamodb_table.moderation_table",
            "module.dynamodb.aws_dynamodb_table.post_table",
            "module.dynamodb.aws_dynamodb_table.user_table",
            "module.iam.aws_iam_role.lambda_role",
            "module.lambda.aws_lambda_function.main",
            "module.lambda.data.archive_file.lambda_zip"
          ]
        }
      ]
    }
  ],
  "check_results": null
}
